
Microsoft Visual Studio Solution File, Format Version 12.00
# Visual Studio 15
VisualStudioVersion = 15.0.26730.12
MinimumVisualStudioVersion = 10.0.40219.1
Project("{2150E333-8FDC-42A3-9474-1A3956D46DE8}") = "src", "src", "{DADE96F3-5692-4F00-8C36-8923BE1F1275}"
EndProject
Project("{2150E333-8FDC-42A3-9474-1A3956D46DE8}") = "Solution Items", "Solution Items", "{55B1AEBE-E663-4A9B-AA36-0094931693B2}"
	ProjectSection(SolutionItems) = preProject
		docker-compose.ci.build.yml = docker-compose.ci.build.yml
		docker-compose.yml = docker-compose.yml
		global.json = global.json
	EndProjectSection
EndProject
Project("{9A19103F-16F7-4668-BE54-9A1E7A4F7556}") = "Discord-NetCore", "src\Discord-NetCore\Discord-NetCore.csproj", "{9BF27095-FAF5-4454-870E-FFAF7FC71743}"
EndProject
Global
	GlobalSection(SolutionConfigurationPlatforms) = preSolution
		Debug|Any CPU = Debug|Any CPU
		Debug|x64 = Debug|x64
		Debug|x86 = Debug|x86
		Release|Any CPU = Release|Any CPU
		Release|x64 = Release|x64
		Release|x86 = Release|x86
	EndGlobalSection
	GlobalSection(ProjectConfigurationPlatforms) = postSolution
		{9BF27095-FAF5-4454-870E-FFAF7FC71743}.Debug|Any CPU.ActiveCfg = Debug|Any CPU
		{9BF27095-FAF5-4454-870E-FFAF7FC71743}.Debug|Any CPU.Build.0 = Debug|Any CPU
		{9BF27095-FAF5-4454-870E-FFAF7FC71743}.Debug|x64.ActiveCfg = Debug|Any CPU
		{9BF27095-FAF5-4454-870E-FFAF7FC71743}.Debug|x64.Build.0 = Debug|Any CPU
		{9BF27095-FAF5-4454-870E-FFAF7FC71743}.Debug|x86.ActiveCfg = Debug|Any CPU
		{9BF27095-FAF5-4454-870E-FFAF7FC71743}.Debug|x86.Build.0 = Debug|Any CPU
		{9BF27095-FAF5-4454-870E-FFAF7FC71743}.Release|Any CPU.ActiveCfg = Release|Any CPU
		{9BF27095-FAF5-4454-870E-FFAF7FC71743}.Release|Any CPU.Build.0 = Release|Any CPU
		{9BF27095-FAF5-4454-870E-FFAF7FC71743}.Release|x64.ActiveCfg = Release|Any CPU
		{9BF27095-FAF5-4454-870E-FFAF7FC71743}.Release|x64.Build.0 = Release|Any CPU
		{9BF27095-FAF5-4454-870E-FFAF7FC71743}.Release|x86.ActiveCfg = Release|Any CPU
		{9BF27095-FAF5-4454-870E-FFAF7FC71743}.Release|x86.Build.0 = Release|Any CPU
	EndGlobalSection
	GlobalSection(SolutionProperties) = preSolution
		HideSolutionNode = FALSE
	EndGlobalSection
	GlobalSection(NestedProjects) = preSolution
		{9BF27095-FAF5-4454-870E-FFAF7FC71743} = {DADE96F3-5692-4F00-8C36-8923BE1F1275}
	EndGlobalSection
	GlobalSection(ExtensibilityGlobals) = postSolution
		SolutionGuid = {4AF5D5FC-3C7F-4C87-9CFC-BBF93F7B3BC5}
	EndGlobalSection
EndGlobal
