
Microsoft Visual Studio Solution File, Format Version 12.00
# Visual Studio 14
VisualStudioVersion = 14.0.25420.1
MinimumVisualStudioVersion = 10.0.40219.1
Project("{2150E333-8FDC-42A3-9474-1A3956D46DE8}") = "src", "src", "{DADE96F3-5692-4F00-8C36-8923BE1F1275}"
EndProject
Project("{2150E333-8FDC-42A3-9474-1A3956D46DE8}") = "Solution Items", "Solution Items", "{55B1AEBE-E663-4A9B-AA36-0094931693B2}"
	ProjectSection(SolutionItems) = preProject
		global.json = global.json
	EndProjectSection
EndProject
Project("{8BB2217D-0F2D-49D1-97BC-3654ED321F3B}") = "Discord-NetCore", "src\Discord-NetCore\Discord-NetCore.xproj", "{9BF27095-FAF5-4454-870E-FFAF7FC71743}"
EndProject
Global
	GlobalSection(SolutionConfigurationPlatforms) = preSolution
		Debug|Any CPU = Debug|Any CPU
		Release|Any CPU = Release|Any CPU
	EndGlobalSection
	GlobalSection(ProjectConfigurationPlatforms) = postSolution
		{9BF27095-FAF5-4454-870E-FFAF7FC71743}.Debug|Any CPU.ActiveCfg = Debug|Any CPU
		{9BF27095-FAF5-4454-870E-FFAF7FC71743}.Debug|Any CPU.Build.0 = Debug|Any CPU
		{9BF27095-FAF5-4454-870E-FFAF7FC71743}.Release|Any CPU.ActiveCfg = Release|Any CPU
		{9BF27095-FAF5-4454-870E-FFAF7FC71743}.Release|Any CPU.Build.0 = Release|Any CPU
	EndGlobalSection
	GlobalSection(SolutionProperties) = preSolution
		HideSolutionNode = FALSE
	EndGlobalSection
	GlobalSection(NestedProjects) = preSolution
		{9BF27095-FAF5-4454-870E-FFAF7FC71743} = {DADE96F3-5692-4F00-8C36-8923BE1F1275}
	EndGlobalSection
EndGlobal
